
Microsoft Visual Studio Solution File, Format Version 12.00
# Visual Studio 15
VisualStudioVersion = 15.0.26124.0
MinimumVisualStudioVersion = 15.0.26124.0
Project("{2150E333-8FDC-42A3-9474-1A3956D46DE8}") = "src", "src", "{86F47972-3620-49F7-A4FC-560ECAA66F89}"
EndProject
Project("{FAE04EC0-301F-11D3-BF4B-00C04F79EFBC}") = "Zoe.MsSample.Api", "src\Zoe.MsSample.Api\Zoe.MsSample.Api.csproj", "{D437084E-3589-439A-8C7C-896CBF13C3D1}"
EndProject
Project("{FAE04EC0-301F-11D3-BF4B-00C04F79EFBC}") = "Zoe.MsSample.Domain", "src\Zoe.MsSample.Domain\Zoe.MsSample.Domain.csproj", "{2456C29D-8553-4A77-89C3-BC0D39A9C091}"
EndProject
Project("{FAE04EC0-301F-11D3-BF4B-00C04F79EFBC}") = "Zoe.MsSample.Application", "src\Zoe.MsSample.Application\Zoe.MsSample.Application.csproj", "{7B1EC49A-E8AB-4F14-9124-7E7F78B46479}"
EndProject
Project("{FAE04EC0-301F-11D3-BF4B-00C04F79EFBC}") = "Zoe.MsSample.Infrastructure", "src\Zoe.MsSample.Infrastructure\Zoe.MsSample.Infrastructure.csproj", "{2617AE71-73D5-4E77-A282-9EB683943736}"
EndProject
Project("{2150E333-8FDC-42A3-9474-1A3956D46DE8}") = "tests", "tests", "{67A57E98-1998-49CA-91F0-46B6096271CD}"
EndProject
Project("{FAE04EC0-301F-11D3-BF4B-00C04F79EFBC}") = "Zoe.MsSample.Api.Tests", "tests\Zoe.MsSample.Api.Tests\Zoe.MsSample.Api.Tests.csproj", "{E8BD9A9C-F739-4830-81B2-679506472361}"
EndProject
Project("{FAE04EC0-301F-11D3-BF4B-00C04F79EFBC}") = "Zoe.MsSample.Application.Tests", "tests\Zoe.MsSample.Application.Tests\Zoe.MsSample.Application.Tests.csproj", "{F948E8BB-A910-4E31-9707-18132B713C4A}"
EndProject
Project("{FAE04EC0-301F-11D3-BF4B-00C04F79EFBC}") = "Zoe.MsSample.Domain.Tests", "tests\Zoe.MsSample.Domain.Tests\Zoe.MsSample.Domain.Tests.csproj", "{CEE35547-BAB1-4CF4-8904-78541D9D1F4E}"
EndProject
Project("{FAE04EC0-301F-11D3-BF4B-00C04F79EFBC}") = "Zoe.MsSample.Infrastructure.Tests", "tests\Zoe.MsSample.Infrastructure.Tests\Zoe.MsSample.Infrastructure.Tests.csproj", "{8D34709B-EF59-4062-B491-BC42CA5AC4B8}"
EndProject
Global
	GlobalSection(SolutionConfigurationPlatforms) = preSolution
		Debug|Any CPU = Debug|Any CPU
		Debug|x64 = Debug|x64
		Debug|x86 = Debug|x86
		Release|Any CPU = Release|Any CPU
		Release|x64 = Release|x64
		Release|x86 = Release|x86
	EndGlobalSection
	GlobalSection(SolutionProperties) = preSolution
		HideSolutionNode = FALSE
	EndGlobalSection
	GlobalSection(ProjectConfigurationPlatforms) = postSolution
		{D437084E-3589-439A-8C7C-896CBF13C3D1}.Debug|Any CPU.ActiveCfg = Debug|Any CPU
		{D437084E-3589-439A-8C7C-896CBF13C3D1}.Debug|Any CPU.Build.0 = Debug|Any CPU
		{D437084E-3589-439A-8C7C-896CBF13C3D1}.Debug|x64.ActiveCfg = Debug|Any CPU
		{D437084E-3589-439A-8C7C-896CBF13C3D1}.Debug|x64.Build.0 = Debug|Any CPU
		{D437084E-3589-439A-8C7C-896CBF13C3D1}.Debug|x86.ActiveCfg = Debug|Any CPU
		{D437084E-3589-439A-8C7C-896CBF13C3D1}.Debug|x86.Build.0 = Debug|Any CPU
		{D437084E-3589-439A-8C7C-896CBF13C3D1}.Release|Any CPU.ActiveCfg = Release|Any CPU
		{D437084E-3589-439A-8C7C-896CBF13C3D1}.Release|Any CPU.Build.0 = Release|Any CPU
		{D437084E-3589-439A-8C7C-896CBF13C3D1}.Release|x64.ActiveCfg = Release|Any CPU
		{D437084E-3589-439A-8C7C-896CBF13C3D1}.Release|x64.Build.0 = Release|Any CPU
		{D437084E-3589-439A-8C7C-896CBF13C3D1}.Release|x86.ActiveCfg = Release|Any CPU
		{D437084E-3589-439A-8C7C-896CBF13C3D1}.Release|x86.Build.0 = Release|Any CPU
		{2456C29D-8553-4A77-89C3-BC0D39A9C091}.Debug|Any CPU.ActiveCfg = Debug|Any CPU
		{2456C29D-8553-4A77-89C3-BC0D39A9C091}.Debug|Any CPU.Build.0 = Debug|Any CPU
		{2456C29D-8553-4A77-89C3-BC0D39A9C091}.Debug|x64.ActiveCfg = Debug|Any CPU
		{2456C29D-8553-4A77-89C3-BC0D39A9C091}.Debug|x64.Build.0 = Debug|Any CPU
		{2456C29D-8553-4A77-89C3-BC0D39A9C091}.Debug|x86.ActiveCfg = Debug|Any CPU
		{2456C29D-8553-4A77-89C3-BC0D39A9C091}.Debug|x86.Build.0 = Debug|Any CPU
		{2456C29D-8553-4A77-89C3-BC0D39A9C091}.Release|Any CPU.ActiveCfg = Release|Any CPU
		{2456C29D-8553-4A77-89C3-BC0D39A9C091}.Release|Any CPU.Build.0 = Release|Any CPU
		{2456C29D-8553-4A77-89C3-BC0D39A9C091}.Release|x64.ActiveCfg = Release|Any CPU
		{2456C29D-8553-4A77-89C3-BC0D39A9C091}.Release|x64.Build.0 = Release|Any CPU
		{2456C29D-8553-4A77-89C3-BC0D39A9C091}.Release|x86.ActiveCfg = Release|Any CPU
		{2456C29D-8553-4A77-89C3-BC0D39A9C091}.Release|x86.Build.0 = Release|Any CPU
		{7B1EC49A-E8AB-4F14-9124-7E7F78B46479}.Debug|Any CPU.ActiveCfg = Debug|Any CPU
		{7B1EC49A-E8AB-4F14-9124-7E7F78B46479}.Debug|Any CPU.Build.0 = Debug|Any CPU
		{7B1EC49A-E8AB-4F14-9124-7E7F78B46479}.Debug|x64.ActiveCfg = Debug|Any CPU
		{7B1EC49A-E8AB-4F14-9124-7E7F78B46479}.Debug|x64.Build.0 = Debug|Any CPU
		{7B1EC49A-E8AB-4F14-9124-7E7F78B46479}.Debug|x86.ActiveCfg = Debug|Any CPU
		{7B1EC49A-E8AB-4F14-9124-7E7F78B46479}.Debug|x86.Build.0 = Debug|Any CPU
		{7B1EC49A-E8AB-4F14-9124-7E7F78B46479}.Release|Any CPU.ActiveCfg = Release|Any CPU
		{7B1EC49A-E8AB-4F14-9124-7E7F78B46479}.Release|Any CPU.Build.0 = Release|Any CPU
		{7B1EC49A-E8AB-4F14-9124-7E7F78B46479}.Release|x64.ActiveCfg = Release|Any CPU
		{7B1EC49A-E8AB-4F14-9124-7E7F78B46479}.Release|x64.Build.0 = Release|Any CPU
		{7B1EC49A-E8AB-4F14-9124-7E7F78B46479}.Release|x86.ActiveCfg = Release|Any CPU
		{7B1EC49A-E8AB-4F14-9124-7E7F78B46479}.Release|x86.Build.0 = Release|Any CPU
		{2617AE71-73D5-4E77-A282-9EB683943736}.Debug|Any CPU.ActiveCfg = Debug|Any CPU
		{2617AE71-73D5-4E77-A282-9EB683943736}.Debug|Any CPU.Build.0 = Debug|Any CPU
		{2617AE71-73D5-4E77-A282-9EB683943736}.Debug|x64.ActiveCfg = Debug|Any CPU
		{2617AE71-73D5-4E77-A282-9EB683943736}.Debug|x64.Build.0 = Debug|Any CPU
		{2617AE71-73D5-4E77-A282-9EB683943736}.Debug|x86.ActiveCfg = Debug|Any CPU
		{2617AE71-73D5-4E77-A282-9EB683943736}.Debug|x86.Build.0 = Debug|Any CPU
		{2617AE71-73D5-4E77-A282-9EB683943736}.Release|Any CPU.ActiveCfg = Release|Any CPU
		{2617AE71-73D5-4E77-A282-9EB683943736}.Release|Any CPU.Build.0 = Release|Any CPU
		{2617AE71-73D5-4E77-A282-9EB683943736}.Release|x64.ActiveCfg = Release|Any CPU
		{2617AE71-73D5-4E77-A282-9EB683943736}.Release|x64.Build.0 = Release|Any CPU
		{2617AE71-73D5-4E77-A282-9EB683943736}.Release|x86.ActiveCfg = Release|Any CPU
		{2617AE71-73D5-4E77-A282-9EB683943736}.Release|x86.Build.0 = Release|Any CPU
		{E8BD9A9C-F739-4830-81B2-679506472361}.Debug|Any CPU.ActiveCfg = Debug|Any CPU
		{E8BD9A9C-F739-4830-81B2-679506472361}.Debug|Any CPU.Build.0 = Debug|Any CPU
		{E8BD9A9C-F739-4830-81B2-679506472361}.Debug|x64.ActiveCfg = Debug|Any CPU
		{E8BD9A9C-F739-4830-81B2-679506472361}.Debug|x64.Build.0 = Debug|Any CPU
		{E8BD9A9C-F739-4830-81B2-679506472361}.Debug|x86.ActiveCfg = Debug|Any CPU
		{E8BD9A9C-F739-4830-81B2-679506472361}.Debug|x86.Build.0 = Debug|Any CPU
		{E8BD9A9C-F739-4830-81B2-679506472361}.Release|Any CPU.ActiveCfg = Release|Any CPU
		{E8BD9A9C-F739-4830-81B2-679506472361}.Release|Any CPU.Build.0 = Release|Any CPU
		{E8BD9A9C-F739-4830-81B2-679506472361}.Release|x64.ActiveCfg = Release|Any CPU
		{E8BD9A9C-F739-4830-81B2-679506472361}.Release|x64.Build.0 = Release|Any CPU
		{E8BD9A9C-F739-4830-81B2-679506472361}.Release|x86.ActiveCfg = Release|Any CPU
		{E8BD9A9C-F739-4830-81B2-679506472361}.Release|x86.Build.0 = Release|Any CPU
		{F948E8BB-A910-4E31-9707-18132B713C4A}.Debug|Any CPU.ActiveCfg = Debug|Any CPU
		{F948E8BB-A910-4E31-9707-18132B713C4A}.Debug|Any CPU.Build.0 = Debug|Any CPU
		{F948E8BB-A910-4E31-9707-18132B713C4A}.Debug|x64.ActiveCfg = Debug|Any CPU
		{F948E8BB-A910-4E31-9707-18132B713C4A}.Debug|x64.Build.0 = Debug|Any CPU
		{F948E8BB-A910-4E31-9707-18132B713C4A}.Debug|x86.ActiveCfg = Debug|Any CPU
		{F948E8BB-A910-4E31-9707-18132B713C4A}.Debug|x86.Build.0 = Debug|Any CPU
		{F948E8BB-A910-4E31-9707-18132B713C4A}.Release|Any CPU.ActiveCfg = Release|Any CPU
		{F948E8BB-A910-4E31-9707-18132B713C4A}.Release|Any CPU.Build.0 = Release|Any CPU
		{F948E8BB-A910-4E31-9707-18132B713C4A}.Release|x64.ActiveCfg = Release|Any CPU
		{F948E8BB-A910-4E31-9707-18132B713C4A}.Release|x64.Build.0 = Release|Any CPU
		{F948E8BB-A910-4E31-9707-18132B713C4A}.Release|x86.ActiveCfg = Release|Any CPU
		{F948E8BB-A910-4E31-9707-18132B713C4A}.Release|x86.Build.0 = Release|Any CPU
		{CEE35547-BAB1-4CF4-8904-78541D9D1F4E}.Debug|Any CPU.ActiveCfg = Debug|Any CPU
		{CEE35547-BAB1-4CF4-8904-78541D9D1F4E}.Debug|Any CPU.Build.0 = Debug|Any CPU
		{CEE35547-BAB1-4CF4-8904-78541D9D1F4E}.Debug|x64.ActiveCfg = Debug|Any CPU
		{CEE35547-BAB1-4CF4-8904-78541D9D1F4E}.Debug|x64.Build.0 = Debug|Any CPU
		{CEE35547-BAB1-4CF4-8904-78541D9D1F4E}.Debug|x86.ActiveCfg = Debug|Any CPU
		{CEE35547-BAB1-4CF4-8904-78541D9D1F4E}.Debug|x86.Build.0 = Debug|Any CPU
		{CEE35547-BAB1-4CF4-8904-78541D9D1F4E}.Release|Any CPU.ActiveCfg = Release|Any CPU
		{CEE35547-BAB1-4CF4-8904-78541D9D1F4E}.Release|Any CPU.Build.0 = Release|Any CPU
		{CEE35547-BAB1-4CF4-8904-78541D9D1F4E}.Release|x64.ActiveCfg = Release|Any CPU
		{CEE35547-BAB1-4CF4-8904-78541D9D1F4E}.Release|x64.Build.0 = Release|Any CPU
		{CEE35547-BAB1-4CF4-8904-78541D9D1F4E}.Release|x86.ActiveCfg = Release|Any CPU
		{CEE35547-BAB1-4CF4-8904-78541D9D1F4E}.Release|x86.Build.0 = Release|Any CPU
		{8D34709B-EF59-4062-B491-BC42CA5AC4B8}.Debug|Any CPU.ActiveCfg = Debug|Any CPU
		{8D34709B-EF59-4062-B491-BC42CA5AC4B8}.Debug|Any CPU.Build.0 = Debug|Any CPU
		{8D34709B-EF59-4062-B491-BC42CA5AC4B8}.Debug|x64.ActiveCfg = Debug|Any CPU
		{8D34709B-EF59-4062-B491-BC42CA5AC4B8}.Debug|x64.Build.0 = Debug|Any CPU
		{8D34709B-EF59-4062-B491-BC42CA5AC4B8}.Debug|x86.ActiveCfg = Debug|Any CPU
		{8D34709B-EF59-4062-B491-BC42CA5AC4B8}.Debug|x86.Build.0 = Debug|Any CPU
		{8D34709B-EF59-4062-B491-BC42CA5AC4B8}.Release|Any CPU.ActiveCfg = Release|Any CPU
		{8D34709B-EF59-4062-B491-BC42CA5AC4B8}.Release|Any CPU.Build.0 = Release|Any CPU
		{8D34709B-EF59-4062-B491-BC42CA5AC4B8}.Release|x64.ActiveCfg = Release|Any CPU
		{8D34709B-EF59-4062-B491-BC42CA5AC4B8}.Release|x64.Build.0 = Release|Any CPU
		{8D34709B-EF59-4062-B491-BC42CA5AC4B8}.Release|x86.ActiveCfg = Release|Any CPU
		{8D34709B-EF59-4062-B491-BC42CA5AC4B8}.Release|x86.Build.0 = Release|Any CPU
	EndGlobalSection
	GlobalSection(NestedProjects) = preSolution
		{D437084E-3589-439A-8C7C-896CBF13C3D1} = {86F47972-3620-49F7-A4FC-560ECAA66F89}
		{2456C29D-8553-4A77-89C3-BC0D39A9C091} = {86F47972-3620-49F7-A4FC-560ECAA66F89}
		{7B1EC49A-E8AB-4F14-9124-7E7F78B46479} = {86F47972-3620-49F7-A4FC-560ECAA66F89}
		{2617AE71-73D5-4E77-A282-9EB683943736} = {86F47972-3620-49F7-A4FC-560ECAA66F89}
		{E8BD9A9C-F739-4830-81B2-679506472361} = {67A57E98-1998-49CA-91F0-46B6096271CD}
		{F948E8BB-A910-4E31-9707-18132B713C4A} = {67A57E98-1998-49CA-91F0-46B6096271CD}
		{CEE35547-BAB1-4CF4-8904-78541D9D1F4E} = {67A57E98-1998-49CA-91F0-46B6096271CD}
		{8D34709B-EF59-4062-B491-BC42CA5AC4B8} = {67A57E98-1998-49CA-91F0-46B6096271CD}
	EndGlobalSection
EndGlobal
